{
  "pins" : [
    {
      "identity" : "swiftformat",
      "kind" : "remoteSourceControl",
      "location" : "https://github.com/nicklockwood/SwiftFormat",
      "state" : {
        "revision" : "378543f07b6acf6e13982ffed8bd71d4b0041f61",
        "version" : "0.49.11"
      }
    },
    {
      "identity" : "swiftformatterplugin",
      "kind" : "remoteSourceControl",
      "location" : "https://github.com/elegantchaos/SwiftFormatterPlugin.git",
      "state" : {
        "revision" : "71e7d8bbe8c856e46584d52cef284429f418618c",
        "version" : "1.0.0"
      }
    }
  ],
  "version" : 2
}
